
Microsoft Visual Studio Solution File, Format Version 12.00
# Visual Studio 15
VisualStudioVersion = 15.0.28307.489
MinimumVisualStudioVersion = 10.0.40219.1
Project("{FAE04EC0-301F-11D3-BF4B-00C04F79EFBC}") = "WhoIs", "WhoIs\WhoIs.csproj", "{D9D5A428-4B3B-4CAB-8B41-68A2F3EBE7B3}"
EndProject
Global
	GlobalSection(SolutionConfigurationPlatforms) = preSolution
		Debug|Any CPU = Debug|Any CPU
		Release|Any CPU = Release|Any CPU
	EndGlobalSection
	GlobalSection(ProjectConfigurationPlatforms) = postSolution
		{D9D5A428-4B3B-4CAB-8B41-68A2F3EBE7B3}.Debug|Any CPU.ActiveCfg = Debug|Any CPU
		{D9D5A428-4B3B-4CAB-8B41-68A2F3EBE7B3}.Debug|Any CPU.Build.0 = Debug|Any CPU
		{D9D5A428-4B3B-4CAB-8B41-68A2F3EBE7B3}.Release|Any CPU.ActiveCfg = Release|Any CPU
		{D9D5A428-4B3B-4CAB-8B41-68A2F3EBE7B3}.Release|Any CPU.Build.0 = Release|Any CPU
	EndGlobalSection
	GlobalSection(SolutionProperties) = preSolution
		HideSolutionNode = FALSE
	EndGlobalSection
	GlobalSection(ExtensibilityGlobals) = postSolution
		SolutionGuid = {B06C4A57-EE55-4AE2-91A2-E22F57D6BF3B}
	EndGlobalSection
EndGlobal
